
Microsoft Visual Studio Solution File, Format Version 12.00
# Visual Studio Version 16
VisualStudioVersion = 16.0.30804.86
MinimumVisualStudioVersion = 10.0.40219.1
Project("{FAE04EC0-301F-11D3-BF4B-00C04F79EFBC}") = "SalesWebMvc", "SalesWebMvc\SalesWebMvc.csproj", "{F427063F-BD62-4328-A7A6-25B488B272AA}"
EndProject
Global
	GlobalSection(SolutionConfigurationPlatforms) = preSolution
		Debug|Any CPU = Debug|Any CPU
		Release|Any CPU = Release|Any CPU
	EndGlobalSection
	GlobalSection(ProjectConfigurationPlatforms) = postSolution
		{F427063F-BD62-4328-A7A6-25B488B272AA}.Debug|Any CPU.ActiveCfg = Debug|Any CPU
		{F427063F-BD62-4328-A7A6-25B488B272AA}.Debug|Any CPU.Build.0 = Debug|Any CPU
		{F427063F-BD62-4328-A7A6-25B488B272AA}.Release|Any CPU.ActiveCfg = Release|Any CPU
		{F427063F-BD62-4328-A7A6-25B488B272AA}.Release|Any CPU.Build.0 = Release|Any CPU
	EndGlobalSection
	GlobalSection(SolutionProperties) = preSolution
		HideSolutionNode = FALSE
	EndGlobalSection
	GlobalSection(ExtensibilityGlobals) = postSolution
		SolutionGuid = {1D48E105-8E05-46EC-817F-1ED935274C96}
	EndGlobalSection
EndGlobal
